
Microsoft Visual Studio Solution File, Format Version 12.00
# Visual Studio Version 17
VisualStudioVersion = 17.0.31912.275
MinimumVisualStudioVersion = 10.0.40219.1
Project("{FAE04EC0-301F-11D3-BF4B-00C04F79EFBC}") = "Ej01", "Ej01\Ej01.csproj", "{BE428C23-2833-47AF-90D0-B33FAA4DEA89}"
EndProject
Project("{FAE04EC0-301F-11D3-BF4B-00C04F79EFBC}") = "ConsoleApp1", "ConsoleApp1\ConsoleApp1.csproj", "{D4527579-CDE2-4621-89BD-AF6F7D941A4E}"
EndProject
Project("{FAE04EC0-301F-11D3-BF4B-00C04F79EFBC}") = "Ejercicios del dia 8-4-2022", "Ejercicios del dia 8-4-2022\Ejercicios del dia 8-4-2022.csproj", "{9ABBB045-D86C-47D0-A4A8-72F74BF5D1F3}"
EndProject
Project("{FAE04EC0-301F-11D3-BF4B-00C04F79EFBC}") = "EJ03", "EJ03\EJ03.csproj", "{A0829605-2A85-442A-9999-3D866C6E07D5}"
EndProject
Project("{FAE04EC0-301F-11D3-BF4B-00C04F79EFBC}") = "Ej 11-08-22", "Ej 11-08-22\Ej 11-08-22.csproj", "{1D793E5F-B3B9-478C-9B58-495C7C8A8912}"
EndProject
Project("{FAE04EC0-301F-11D3-BF4B-00C04F79EFBC}") = "FormEjerc", "FormEjerc\FormEjerc.csproj", "{B52549DD-6BB4-459A-B6B4-455C132D322A}"
EndProject
Global
	GlobalSection(SolutionConfigurationPlatforms) = preSolution
		Debug|Any CPU = Debug|Any CPU
		Release|Any CPU = Release|Any CPU
	EndGlobalSection
	GlobalSection(ProjectConfigurationPlatforms) = postSolution
		{BE428C23-2833-47AF-90D0-B33FAA4DEA89}.Debug|Any CPU.ActiveCfg = Debug|Any CPU
		{BE428C23-2833-47AF-90D0-B33FAA4DEA89}.Debug|Any CPU.Build.0 = Debug|Any CPU
		{BE428C23-2833-47AF-90D0-B33FAA4DEA89}.Release|Any CPU.ActiveCfg = Release|Any CPU
		{BE428C23-2833-47AF-90D0-B33FAA4DEA89}.Release|Any CPU.Build.0 = Release|Any CPU
		{D4527579-CDE2-4621-89BD-AF6F7D941A4E}.Debug|Any CPU.ActiveCfg = Debug|Any CPU
		{D4527579-CDE2-4621-89BD-AF6F7D941A4E}.Debug|Any CPU.Build.0 = Debug|Any CPU
		{D4527579-CDE2-4621-89BD-AF6F7D941A4E}.Release|Any CPU.ActiveCfg = Release|Any CPU
		{D4527579-CDE2-4621-89BD-AF6F7D941A4E}.Release|Any CPU.Build.0 = Release|Any CPU
		{9ABBB045-D86C-47D0-A4A8-72F74BF5D1F3}.Debug|Any CPU.ActiveCfg = Debug|Any CPU
		{9ABBB045-D86C-47D0-A4A8-72F74BF5D1F3}.Debug|Any CPU.Build.0 = Debug|Any CPU
		{9ABBB045-D86C-47D0-A4A8-72F74BF5D1F3}.Release|Any CPU.ActiveCfg = Release|Any CPU
		{9ABBB045-D86C-47D0-A4A8-72F74BF5D1F3}.Release|Any CPU.Build.0 = Release|Any CPU
		{A0829605-2A85-442A-9999-3D866C6E07D5}.Debug|Any CPU.ActiveCfg = Debug|Any CPU
		{A0829605-2A85-442A-9999-3D866C6E07D5}.Debug|Any CPU.Build.0 = Debug|Any CPU
		{A0829605-2A85-442A-9999-3D866C6E07D5}.Release|Any CPU.ActiveCfg = Release|Any CPU
		{A0829605-2A85-442A-9999-3D866C6E07D5}.Release|Any CPU.Build.0 = Release|Any CPU
		{1D793E5F-B3B9-478C-9B58-495C7C8A8912}.Debug|Any CPU.ActiveCfg = Debug|Any CPU
		{1D793E5F-B3B9-478C-9B58-495C7C8A8912}.Debug|Any CPU.Build.0 = Debug|Any CPU
		{1D793E5F-B3B9-478C-9B58-495C7C8A8912}.Release|Any CPU.ActiveCfg = Release|Any CPU
		{1D793E5F-B3B9-478C-9B58-495C7C8A8912}.Release|Any CPU.Build.0 = Release|Any CPU
		{B52549DD-6BB4-459A-B6B4-455C132D322A}.Debug|Any CPU.ActiveCfg = Debug|Any CPU
		{B52549DD-6BB4-459A-B6B4-455C132D322A}.Debug|Any CPU.Build.0 = Debug|Any CPU
		{B52549DD-6BB4-459A-B6B4-455C132D322A}.Release|Any CPU.ActiveCfg = Release|Any CPU
		{B52549DD-6BB4-459A-B6B4-455C132D322A}.Release|Any CPU.Build.0 = Release|Any CPU
	EndGlobalSection
	GlobalSection(SolutionProperties) = preSolution
		HideSolutionNode = FALSE
	EndGlobalSection
	GlobalSection(ExtensibilityGlobals) = postSolution
		SolutionGuid = {CFAC5098-E981-4880-B2B0-9B1A2B22DC60}
	EndGlobalSection
EndGlobal
